
Microsoft Visual Studio Solution File, Format Version 12.00
# Visual Studio Version 17
VisualStudioVersion = 17.4.33122.133
MinimumVisualStudioVersion = 10.0.40219.1
Project("{FAE04EC0-301F-11D3-BF4B-00C04F79EFBC}") = "07-12-2022_win_form_1_Forum", "07-12-2022_win_form_1_Forum.csproj", "{BCD9A43E-96DD-4227-823F-5F8FE0189BA9}"
EndProject
Global
	GlobalSection(SolutionConfigurationPlatforms) = preSolution
		Debug|Any CPU = Debug|Any CPU
		Release|Any CPU = Release|Any CPU
	EndGlobalSection
	GlobalSection(ProjectConfigurationPlatforms) = postSolution
		{BCD9A43E-96DD-4227-823F-5F8FE0189BA9}.Debug|Any CPU.ActiveCfg = Debug|Any CPU
		{BCD9A43E-96DD-4227-823F-5F8FE0189BA9}.Debug|Any CPU.Build.0 = Debug|Any CPU
		{BCD9A43E-96DD-4227-823F-5F8FE0189BA9}.Release|Any CPU.ActiveCfg = Release|Any CPU
		{BCD9A43E-96DD-4227-823F-5F8FE0189BA9}.Release|Any CPU.Build.0 = Release|Any CPU
	EndGlobalSection
	GlobalSection(SolutionProperties) = preSolution
		HideSolutionNode = FALSE
	EndGlobalSection
	GlobalSection(ExtensibilityGlobals) = postSolution
		SolutionGuid = {C2150440-3031-4377-983A-B61F1B625C3F}
	EndGlobalSection
EndGlobal
